# This file is autogenerated, do not edit; changes may be undone by the next 'dep ensure'.


[[projects]]
  digest = "1:318f1c959a8a740366fce4b1e1eb2fd914036b4af58fbd0a003349b305f118ad"
  name = "github.com/golang/protobuf"
  packages = ["proto"]
  pruneopts = "UT"
  revision = "b5d812f8a3706043e23a9cd5babf2e5423744d30"
  version = "v1.3.1"

[[projects]]
  branch = "master"
  digest = "1:634a38ac53c8f0d43b8cf547a5d90c01ef6cfb67ac0c96fc076a8e40cdd9bcba"
  name = "github.com/jhunt/play.spruce.cf"
  packages = [
    "client",
    "github",
  ]
  pruneopts = "UT"
  revision = "364c01858387a7de518109cc311c1f87c566d50d"

[[projects]]
  digest = "1:0a65cfa1f7aefb37e6feab22ea198eb0c821d2de8e8ea1d63bec11fa27ad5eb0"
  name = "golang.org/x/net"
  packages = ["context"]
  pruneopts = "UT"
  revision = "db8e4de5b2d6653f66aea53094624468caad15d2"

[[projects]]
  digest = "1:4b7b179527732035067a5e32343761cf5462f43e7bf822d4ae45381f639c14a7"
  name = "golang.org/x/oauth2"
  packages = [
    ".",
    "internal",
  ]
  pruneopts = "UT"
  revision = "b5adcc2dcdf009d0391547edc6ecbaff889f5bb9"

[[projects]]
  digest = "1:6eb6e3b6d9fffb62958cf7f7d88dbbe1dd6839436b0802e194c590667a40412a"
  name = "google.golang.org/appengine"
  packages = [
    "internal",
    "internal/base",
    "internal/datastore",
    "internal/log",
    "internal/remote_api",
    "internal/urlfetch",
    "urlfetch",
  ]
  pruneopts = "UT"
  revision = "54a98f90d1c46b7731eb8fb305d2a321c30ef610"
  version = "v1.5.0"

[solve-meta]
  analyzer-name = "dep"
  analyzer-version = 1
  input-imports = [
    "github.com/jhunt/play.spruce.cf/client",
    "github.com/jhunt/play.spruce.cf/github",
    "golang.org/x/oauth2",
  ]
  solver-name = "gps-cdcl"
  solver-version = 1
